
Microsoft Visual Studio Solution File, Format Version 12.00
# Visual Studio Version 17
VisualStudioVersion = 17.14.36616.10 d17.14
MinimumVisualStudioVersion = 10.0.40219.1
Project("{FAE04EC0-301F-11D3-BF4B-00C04F79EFBC}") = "Municipality", "Municipality.csproj", "{46E7E27F-CD0B-40DD-8B77-EEB031336745}"
EndProject
Global
	GlobalSection(SolutionConfigurationPlatforms) = preSolution
		Debug|Any CPU = Debug|Any CPU
		Release|Any CPU = Release|Any CPU
	EndGlobalSection
	GlobalSection(ProjectConfigurationPlatforms) = postSolution
		{46E7E27F-CD0B-40DD-8B77-EEB031336745}.Debug|Any CPU.ActiveCfg = Debug|Any CPU
		{46E7E27F-CD0B-40DD-8B77-EEB031336745}.Debug|Any CPU.Build.0 = Debug|Any CPU
		{46E7E27F-CD0B-40DD-8B77-EEB031336745}.Release|Any CPU.ActiveCfg = Release|Any CPU
		{46E7E27F-CD0B-40DD-8B77-EEB031336745}.Release|Any CPU.Build.0 = Release|Any CPU
	EndGlobalSection
	GlobalSection(SolutionProperties) = preSolution
		HideSolutionNode = FALSE
	EndGlobalSection
	GlobalSection(ExtensibilityGlobals) = postSolution
		SolutionGuid = {584F72E4-F8D8-463B-9B82-AE2ADAA63264}
	EndGlobalSection
EndGlobal
